<?xml version="1.0" encoding="utf-8"?>
<Project ToolsVersion="4.0" xmlns="http://schemas.microsoft.com/developer/msbuild/2003">
  <ItemGroup>
    <Filter Include="Resource Files">
      <UniqueIdentifier>{67DA6AB6-F800-4c08-8B7A-83BB121AAD01}</UniqueIdentifier>
      <Extensions>rc;ico;cur;bmp;dlg;rc2;rct;bin;rgs;gif;jpg;jpeg;jpe;resx;tiff;tif;png;wav;mfcribbon-ms</Extensions>
    </Filter>
    <Filter Include="game files">
      <UniqueIdentifier>{4FC737F1-C7A5-4376-A066-2A32D752A2FF}</UniqueIdentifier>
      <Extensions>cpp;c;cc;cxx;c++;cppm;ixx;def;odl;idl;hpj;bat;asm;asmx</Extensions>
    </Filter>
    <Filter Include="game files\Engine">
      <UniqueIdentifier>{cd41ef28-dc54-4866-861b-6966fa16ab0a}</UniqueIdentifier>
    </Filter>
    <Filter Include="core files">
      <UniqueIdentifier>{93995380-89BD-4b04-88EB-625FBE52EBFB}</UniqueIdentifier>
      <Extensions>h;hh;hpp;hxx;h++;hm;inl;inc;ipp;xsd</Extensions>
    </Filter>
    <Filter Include="game files\Engine\MovementCommand">
      <UniqueIdentifier>{098df45c-18b5-4a98-bfa2-0880daa6fe95}</UniqueIdentifier>
    </Filter>
    <Filter Include="game files\Engine\Constructor">
      <UniqueIdentifier>{c40cc253-d55c-46c1-8dd4-49d111b52f8c}</UniqueIdentifier>
    </Filter>
    <Filter Include="game files\Engine\Observer">
      <UniqueIdentifier>{89e5e39a-c5bc-4d59-8048-57ffdc4ef245}</UniqueIdentifier>
    </Filter>
    <Filter Include="game files\Engine\Components">
      <UniqueIdentifier>{3c844085-f70f-4dd2-b375-b980743984f7}</UniqueIdentifier>
    </Filter>
  </ItemGroup>
  <ItemGroup>
    <ClCompile Include="GalagaGame.cpp">
      <Filter>game files</Filter>
    </ClCompile>
    <ClCompile Include="GalagaEngine.cpp">
      <Filter>game files\Engine</Filter>
    </ClCompile>
    <ClCompile Include="BulletComponent.cpp">
      <Filter>game files\Engine\Components</Filter>
    </ClCompile>
    <ClCompile Include="GalagaConstructor.cpp">
      <Filter>game files\Engine\Constructor</Filter>
    </ClCompile>
    <ClCompile Include="EnemyComponent.cpp">
      <Filter>game files\Engine\Components</Filter>
    </ClCompile>
    <ClCompile Include="GalagaObservers.cpp">
      <Filter>game files\Engine\Observer</Filter>
    </ClCompile>
    <ClCompile Include="EnemyManagerComp.cpp">
      <Filter>game files\Engine\Components</Filter>
    </ClCompile>
    <ClCompile Include="BezierMoveComponent.cpp">
      <Filter>game files\Engine\Components</Filter>
    </ClCompile>
    <ClCompile Include="GunComponent.cpp">
      <Filter>game files\Engine\Components</Filter>
    </ClCompile>
    <ClCompile Include="PlayerComponent.cpp">
      <Filter>game files\Engine\Components</Filter>
    </ClCompile>
  </ItemGroup>
  <ItemGroup>
    <ClInclude Include="GalagaEngine.h">
      <Filter>game files\Engine</Filter>
    </ClInclude>
    <ClInclude Include="BulletComponent.h">
      <Filter>game files\Engine\Components</Filter>
    </ClInclude>
    <ClInclude Include="GalagaConstructor.h">
      <Filter>game files\Engine\Constructor</Filter>
    </ClInclude>
    <ClInclude Include="EnemyComponent.h">
      <Filter>game files\Engine\Components</Filter>
    </ClInclude>
    <ClInclude Include="GalagaObservers.h">
      <Filter>game files\Engine\Observer</Filter>
    </ClInclude>
    <ClInclude Include="EnemyManagerComp.h">
      <Filter>game files\Engine\Components</Filter>
    </ClInclude>
    <ClInclude Include="BezierMoveComponent.h">
      <Filter>game files\Engine\Components</Filter>
    </ClInclude>
    <ClInclude Include="GalagaCommand.h">
      <Filter>game files\Engine\Components</Filter>
    </ClInclude>
    <ClInclude Include="GunComponent.h">
      <Filter>game files\Engine\Components</Filter>
    </ClInclude>
    <ClInclude Include="PlayerComponent.h">
      <Filter>game files\Engine\Components</Filter>
    </ClInclude>
  </ItemGroup>
</Project>